// !$*UTF8*$!
{
	archiveVersion = 1;
	classes = {
	};
	objectVersion = 56;
	objects = {

/* Begin PBXBuildFile section */
		268DE2442ADF756C0097E3F2 /* HomeView.swift in Sources */ = {isa = PBXBuildFile; fileRef = 268DE2432ADF756C0097E3F2 /* HomeView.swift */; };
		268DE2462ADF786B0097E3F2 /* ButtonView.swift in Sources */ = {isa = PBXBuildFile; fileRef = 268DE2452ADF786B0097E3F2 /* ButtonView.swift */; };
		268DE24A2ADF85500097E3F2 /* HomeItemView.swift in Sources */ = {isa = PBXBuildFile; fileRef = 268DE2492ADF85500097E3F2 /* HomeItemView.swift */; };
		268DE24C2ADF85FC0097E3F2 /* GameView.swift in Sources */ = {isa = PBXBuildFile; fileRef = 268DE24B2ADF85FC0097E3F2 /* GameView.swift */; };
		268DE24E2ADF87230097E3F2 /* GameDescriptionView.swift in Sources */ = {isa = PBXBuildFile; fileRef = 268DE24D2ADF87230097E3F2 /* GameDescriptionView.swift */; };
		26A9C6662ACBCC0D00117948 /* HideAndSeekScene.swift in Sources */ = {isa = PBXBuildFile; fileRef = 26A9C6652ACBCC0D00117948 /* HideAndSeekScene.swift */; };
		26A9C6682ACBCC2700117948 /* HideAndSeekTutorialView.swift in Sources */ = {isa = PBXBuildFile; fileRef = 26A9C6672ACBCC2700117948 /* HideAndSeekTutorialView.swift */; };
		26A9C66A2ACBCC5F00117948 /* ProgressBar.swift in Sources */ = {isa = PBXBuildFile; fileRef = 26A9C6692ACBCC5F00117948 /* ProgressBar.swift */; };
		26A9C66C2ACBCC7B00117948 /* HideAndSeekBackground.swift in Sources */ = {isa = PBXBuildFile; fileRef = 26A9C66B2ACBCC7B00117948 /* HideAndSeekBackground.swift */; };
		26A9C66E2ACBCC8A00117948 /* PassThroughBackground.swift in Sources */ = {isa = PBXBuildFile; fileRef = 26A9C66D2ACBCC8A00117948 /* PassThroughBackground.swift */; };
		26A9C6702ACBCC9700117948 /* NodeElement.swift in Sources */ = {isa = PBXBuildFile; fileRef = 26A9C66F2ACBCC9700117948 /* NodeElement.swift */; };
		26A9C6722ACBCCC600117948 /* GameOverPage.swift in Sources */ = {isa = PBXBuildFile; fileRef = 26A9C6712ACBCCC600117948 /* GameOverPage.swift */; };
		26ECF09D2AE0CC71005F06E1 /* GameInfo.swift in Sources */ = {isa = PBXBuildFile; fileRef = 26ECF09C2AE0CC71005F06E1 /* GameInfo.swift */; };
		2A563CFD2ADF86D800AFEF4C /* GuideView.swift in Sources */ = {isa = PBXBuildFile; fileRef = 2A563CFC2ADF86D800AFEF4C /* GuideView.swift */; };
		3D2B498A2ACBD31100DA8827 /* DataController.swift in Sources */ = {isa = PBXBuildFile; fileRef = 3D2B49892ACBD31100DA8827 /* DataController.swift */; };
		3DB613762AC5C66F00F0A792 /* Macrow_ADHDApp.swift in Sources */ = {isa = PBXBuildFile; fileRef = 3DB613752AC5C66F00F0A792 /* Macrow_ADHDApp.swift */; };
		3DB613782AC5C66F00F0A792 /* ContentView.swift in Sources */ = {isa = PBXBuildFile; fileRef = 3DB613772AC5C66F00F0A792 /* ContentView.swift */; };
		3DB6137A2AC5C67100F0A792 /* Assets.xcassets in Resources */ = {isa = PBXBuildFile; fileRef = 3DB613792AC5C67100F0A792 /* Assets.xcassets */; };
		3DB6137D2AC5C67100F0A792 /* Preview Assets.xcassets in Resources */ = {isa = PBXBuildFile; fileRef = 3DB6137C2AC5C67100F0A792 /* Preview Assets.xcassets */; };
		542DD88C2AE58F4A0024387C /* Array+average.swift in Sources */ = {isa = PBXBuildFile; fileRef = 542DD88B2AE58F4A0024387C /* Array+average.swift */; };
		542DD88E2AE590D60024387C /* Report+GetFocusPause.swift in Sources */ = {isa = PBXBuildFile; fileRef = 542DD88D2AE590D60024387C /* Report+GetFocusPause.swift */; };
		542DD8992AE596D80024387C /* Report+CoreDataClass.swift in Sources */ = {isa = PBXBuildFile; fileRef = 542DD8972AE596D80024387C /* Report+CoreDataClass.swift */; };
		542DD89A2AE596D80024387C /* Report+CoreDataProperties.swift in Sources */ = {isa = PBXBuildFile; fileRef = 542DD8982AE596D80024387C /* Report+CoreDataProperties.swift */; };
		542DD8A02AE59E230024387C /* Game+GetAnimal.swift in Sources */ = {isa = PBXBuildFile; fileRef = 542DD89F2AE59E230024387C /* Game+GetAnimal.swift */; };
		542DD8A32AE59E5A0024387C /* Game+CoreDataClass.swift in Sources */ = {isa = PBXBuildFile; fileRef = 542DD8A12AE59E5A0024387C /* Game+CoreDataClass.swift */; };
		542DD8A42AE59E5A0024387C /* Game+CoreDataProperties.swift in Sources */ = {isa = PBXBuildFile; fileRef = 542DD8A22AE59E5A0024387C /* Game+CoreDataProperties.swift */; };
		5491B13B2AE5C351004986A0 /* CentralManager.swift in Sources */ = {isa = PBXBuildFile; fileRef = 5491B13A2AE5C351004986A0 /* CentralManager.swift */; };
		54A4217A2AE25E4200C51A6C /* AnimalTypeEnum.swift in Sources */ = {isa = PBXBuildFile; fileRef = 54A421792AE25E4200C51A6C /* AnimalTypeEnum.swift */; };
		54F6B0F32AE5B1F6003D874D /* MWMInstance.swift in Sources */ = {isa = PBXBuildFile; fileRef = 54F6B0F12AE5B1F6003D874D /* MWMInstance.swift */; };
		54F6B0F42AE5B1F6003D874D /* MWMModel.swift in Sources */ = {isa = PBXBuildFile; fileRef = 54F6B0F22AE5B1F6003D874D /* MWMModel.swift */; };
		B60864982AE62AE600424FCA /* MacroADHD_simulatorApp.swift in Sources */ = {isa = PBXBuildFile; fileRef = B60864972AE62AE600424FCA /* MacroADHD_simulatorApp.swift */; };
		B61C40462ACF0AC9007CCC72 /* Jua-Regular.ttf in Resources */ = {isa = PBXBuildFile; fileRef = B61C40452ACF0AC9007CCC72 /* Jua-Regular.ttf */; };
		B64EFB622AE22B5A002190EA /* ReportModel.xcdatamodeld in Sources */ = {isa = PBXBuildFile; fileRef = B64EFB602AE22B5A002190EA /* ReportModel.xcdatamodeld */; };
		B66E747E2ADF7C4300CCA69A /* Color+extension.swift in Sources */ = {isa = PBXBuildFile; fileRef = B66E747D2ADF7C4300CCA69A /* Color+extension.swift */; };
		B67D3E0E2AD347D900DDA7D4 /* GameData.swift in Sources */ = {isa = PBXBuildFile; fileRef = B67D3E0D2AD347D900DDA7D4 /* GameData.swift */; };
		B685ED112ACD3A610062D0C8 /* AttentionPopup.swift in Sources */ = {isa = PBXBuildFile; fileRef = B685ED102ACD3A610062D0C8 /* AttentionPopup.swift */; };
		B685ED132ACD447D0062D0C8 /* HeadpieceIndicator.swift in Sources */ = {isa = PBXBuildFile; fileRef = B685ED122ACD447D0062D0C8 /* HeadpieceIndicator.swift */; };
		B69C52F62ACBD9CC009B3493 /* Homepage.swift in Sources */ = {isa = PBXBuildFile; fileRef = B69C52F52ACBD9CC009B3493 /* Homepage.swift */; };
		B6B2D91D2AF0FF1900C64CAA /* SplashScreen.swift in Sources */ = {isa = PBXBuildFile; fileRef = B6B2D91C2AF0FF1900C64CAA /* SplashScreen.swift */; };
		B6B2D91F2AF0FF2100C64CAA /* SplashScreen.swift in Sources */ = {isa = PBXBuildFile; fileRef = B6B2D91E2AF0FF2100C64CAA /* SplashScreen.swift */; };
		B6B2D9212AF0FF4500C64CAA /* Hide&SeekIntroduction.swift in Sources */ = {isa = PBXBuildFile; fileRef = B6B2D9202AF0FF4500C64CAA /* Hide&SeekIntroduction.swift */; };
		B6B2D9232AF0FF4900C64CAA /* Hide&SeekIntroduction.swift in Sources */ = {isa = PBXBuildFile; fileRef = B6B2D9222AF0FF4900C64CAA /* Hide&SeekIntroduction.swift */; };
		B6B2D9252AF0FF7C00C64CAA /* TouchButton.swift in Sources */ = {isa = PBXBuildFile; fileRef = B6B2D9242AF0FF7C00C64CAA /* TouchButton.swift */; };
		B6B2D9272AF0FF8100C64CAA /* TouchButton.swift in Sources */ = {isa = PBXBuildFile; fileRef = B6B2D9262AF0FF8100C64CAA /* TouchButton.swift */; };
		B6B2D9292AF0FF9B00C64CAA /* BubbleText.swift in Sources */ = {isa = PBXBuildFile; fileRef = B6B2D9282AF0FF9B00C64CAA /* BubbleText.swift */; };
		B6B2D92B2AF0FFA000C64CAA /* BubbleText.swift in Sources */ = {isa = PBXBuildFile; fileRef = B6B2D92A2AF0FFA000C64CAA /* BubbleText.swift */; };
		B6BFD46E2AE139D400D3AAB1 /* libMWMSDK.a in Frameworks */ = {isa = PBXBuildFile; fileRef = B6BFD4682AE139D300D3AAB1 /* libMWMSDK.a */; };
		B6D1C9352AE837A9003B4331 /* HomeItemView.swift in Sources */ = {isa = PBXBuildFile; fileRef = B6D1C8FB2AE837A8003B4331 /* HomeItemView.swift */; };
		B6D1C9412AE837A9003B4331 /* ContentView.swift in Sources */ = {isa = PBXBuildFile; fileRef = B6D1C9112AE837A8003B4331 /* ContentView.swift */; };
		B6D1C94B2AE837A9003B4331 /* GameView.swift in Sources */ = {isa = PBXBuildFile; fileRef = B6D1C9202AE837A9003B4331 /* GameView.swift */; };
		B6D1C94C2AE837A9003B4331 /* ButtonView.swift in Sources */ = {isa = PBXBuildFile; fileRef = B6D1C9222AE837A9003B4331 /* ButtonView.swift */; };
		B6D1C95A2AE837A9003B4331 /* GameInfo.swift in Sources */ = {isa = PBXBuildFile; fileRef = B6D1C9322AE837A9003B4331 /* GameInfo.swift */; };
		B6D1C95B2AE837A9003B4331 /* GameDescriptionView.swift in Sources */ = {isa = PBXBuildFile; fileRef = B6D1C9332AE837A9003B4331 /* GameDescriptionView.swift */; };
		B6D1C95C2AE837A9003B4331 /* Homepage.swift in Sources */ = {isa = PBXBuildFile; fileRef = B6D1C9342AE837A9003B4331 /* Homepage.swift */; };
		B6D1C9622AE8396C003B4331 /* HideAndSeekWithHeadpiece.swift in Sources */ = {isa = PBXBuildFile; fileRef = B6D1C9612AE8396C003B4331 /* HideAndSeekWithHeadpiece.swift */; };
		B6D1C9682AE83BCF003B4331 /* GuideView.swift in Sources */ = {isa = PBXBuildFile; fileRef = B6D1C9672AE83BCF003B4331 /* GuideView.swift */; };
		B6D1C96D2AE83C6D003B4331 /* HomeView.swift in Sources */ = {isa = PBXBuildFile; fileRef = B6D1C96C2AE83C6D003B4331 /* HomeView.swift */; };
		B6D1C9A92AE83DB7003B4331 /* GameData.swift in Sources */ = {isa = PBXBuildFile; fileRef = B6D1C97A2AE83DB7003B4331 /* GameData.swift */; };
		B6D1C9AA2AE83DB7003B4331 /* NewPage.swift in Sources */ = {isa = PBXBuildFile; fileRef = B6D1C97B2AE83DB7003B4331 /* NewPage.swift */; };
		B6D1C9AB2AE83DB7003B4331 /* HideAndSeekWithHeadpiece.swift in Sources */ = {isa = PBXBuildFile; fileRef = B6D1C97C2AE83DB7003B4331 /* HideAndSeekWithHeadpiece.swift */; };
		B6D1C9AC2AE83DB7003B4331 /* GameOverPage.swift in Sources */ = {isa = PBXBuildFile; fileRef = B6D1C97D2AE83DB7003B4331 /* GameOverPage.swift */; };
		B6D1C9AD2AE83DB7003B4331 /* AttentionPopup.swift in Sources */ = {isa = PBXBuildFile; fileRef = B6D1C97E2AE83DB7003B4331 /* AttentionPopup.swift */; };
		B6D1C9AE2AE83DB7003B4331 /* HideAndSeekTutorialView.swift in Sources */ = {isa = PBXBuildFile; fileRef = B6D1C97F2AE83DB7003B4331 /* HideAndSeekTutorialView.swift */; };
		B6D1C9AF2AE83DB7003B4331 /* PassThroughBackground.swift in Sources */ = {isa = PBXBuildFile; fileRef = B6D1C9802AE83DB7003B4331 /* PassThroughBackground.swift */; };
		B6D1C9B02AE83DB7003B4331 /* ProgressBar.swift in Sources */ = {isa = PBXBuildFile; fileRef = B6D1C9812AE83DB7003B4331 /* ProgressBar.swift */; };
		B6D1C9B12AE83DB7003B4331 /* NodeElement.swift in Sources */ = {isa = PBXBuildFile; fileRef = B6D1C9822AE83DB7003B4331 /* NodeElement.swift */; };
		B6D1C9B22AE83DB7003B4331 /* HeadpieceIndicator.swift in Sources */ = {isa = PBXBuildFile; fileRef = B6D1C9832AE83DB7003B4331 /* HeadpieceIndicator.swift */; };
		B6D1C9B32AE83DB7003B4331 /* HideAndSeekScene.swift in Sources */ = {isa = PBXBuildFile; fileRef = B6D1C9842AE83DB7003B4331 /* HideAndSeekScene.swift */; };
		B6D1C9B42AE83DB7003B4331 /* HideAndSeekBackground.swift in Sources */ = {isa = PBXBuildFile; fileRef = B6D1C9852AE83DB7003B4331 /* HideAndSeekBackground.swift */; };
		B6D1C9B62AE83DB7003B4331 /* Preview Assets.xcassets in Resources */ = {isa = PBXBuildFile; fileRef = B6D1C9882AE83DB7003B4331 /* Preview Assets.xcassets */; };
		B6D1C9B72AE83DB7003B4331 /* Assets.xcassets in Resources */ = {isa = PBXBuildFile; fileRef = B6D1C98A2AE83DB7003B4331 /* Assets.xcassets */; };
		B6D1C9B82AE83DB7003B4331 /* Color+extension.swift in Sources */ = {isa = PBXBuildFile; fileRef = B6D1C98B2AE83DB7003B4331 /* Color+extension.swift */; };
		B6D1C9B92AE83DB7003B4331 /* Jua-Regular.ttf in Resources */ = {isa = PBXBuildFile; fileRef = B6D1C98D2AE83DB7003B4331 /* Jua-Regular.ttf */; };
		B6D1C9BA2AE83DB7003B4331 /* Array+average.swift in Sources */ = {isa = PBXBuildFile; fileRef = B6D1C9902AE83DB7003B4331 /* Array+average.swift */; };
		B6D1C9BB2AE83DB7003B4331 /* CentralManager.swift in Sources */ = {isa = PBXBuildFile; fileRef = B6D1C9912AE83DB7003B4331 /* CentralManager.swift */; };
		B6D1C9C02AE83DB7003B4331 /* ReportModel.xcdatamodeld in Sources */ = {isa = PBXBuildFile; fileRef = B6D1C99C2AE83DB7003B4331 /* ReportModel.xcdatamodeld */; };
		B6D1C9C12AE83DB7003B4331 /* DataController.swift in Sources */ = {isa = PBXBuildFile; fileRef = B6D1C99E2AE83DB7003B4331 /* DataController.swift */; };
		B6D1C9C22AE83DB7003B4331 /* Game+GetAnimal.swift in Sources */ = {isa = PBXBuildFile; fileRef = B6D1C9A02AE83DB7003B4331 /* Game+GetAnimal.swift */; };
		B6D1C9C32AE83DB7003B4331 /* Game+CoreDataClass.swift in Sources */ = {isa = PBXBuildFile; fileRef = B6D1C9A12AE83DB7003B4331 /* Game+CoreDataClass.swift */; };
		B6D1C9C42AE83DB7003B4331 /* Game+CoreDataProperties.swift in Sources */ = {isa = PBXBuildFile; fileRef = B6D1C9A22AE83DB7003B4331 /* Game+CoreDataProperties.swift */; };
		B6D1C9C52AE83DB7003B4331 /* AnimalTypeEnum.swift in Sources */ = {isa = PBXBuildFile; fileRef = B6D1C9A42AE83DB7003B4331 /* AnimalTypeEnum.swift */; };
		B6D1C9C62AE83DB7003B4331 /* Report+GetFocusPause.swift in Sources */ = {isa = PBXBuildFile; fileRef = B6D1C9A62AE83DB7003B4331 /* Report+GetFocusPause.swift */; };
		B6D1C9C72AE83DB7003B4331 /* Report+CoreDataProperties.swift in Sources */ = {isa = PBXBuildFile; fileRef = B6D1C9A72AE83DB7003B4331 /* Report+CoreDataProperties.swift */; };
		B6D1C9C82AE83DB7003B4331 /* Report+CoreDataClass.swift in Sources */ = {isa = PBXBuildFile; fileRef = B6D1C9A82AE83DB7003B4331 /* Report+CoreDataClass.swift */; };
		B6D1C9CB2AE83DF1003B4331 /* MWMModel.swift in Sources */ = {isa = PBXBuildFile; fileRef = B6D1C9C92AE83DF1003B4331 /* MWMModel.swift */; };
		B6D1C9CC2AE83DF1003B4331 /* MWMInstance.swift in Sources */ = {isa = PBXBuildFile; fileRef = B6D1C9CA2AE83DF1003B4331 /* MWMInstance.swift */; };
		B6D1C9CE2AE83E59003B4331 /* MWMDevice.swift in Sources */ = {isa = PBXBuildFile; fileRef = B6D1C9CD2AE83E59003B4331 /* MWMDevice.swift */; };
/* End PBXBuildFile section */

/* Begin PBXFileReference section */
		268DE2432ADF756C0097E3F2 /* HomeView.swift */ = {isa = PBXFileReference; lastKnownFileType = sourcecode.swift; path = HomeView.swift; sourceTree = "<group>"; };
		268DE2452ADF786B0097E3F2 /* ButtonView.swift */ = {isa = PBXFileReference; lastKnownFileType = sourcecode.swift; path = ButtonView.swift; sourceTree = "<group>"; };
		268DE2492ADF85500097E3F2 /* HomeItemView.swift */ = {isa = PBXFileReference; lastKnownFileType = sourcecode.swift; path = HomeItemView.swift; sourceTree = "<group>"; };
		268DE24B2ADF85FC0097E3F2 /* GameView.swift */ = {isa = PBXFileReference; lastKnownFileType = sourcecode.swift; path = GameView.swift; sourceTree = "<group>"; };
		268DE24D2ADF87230097E3F2 /* GameDescriptionView.swift */ = {isa = PBXFileReference; lastKnownFileType = sourcecode.swift; path = GameDescriptionView.swift; sourceTree = "<group>"; };
		26A9C6652ACBCC0D00117948 /* HideAndSeekScene.swift */ = {isa = PBXFileReference; lastKnownFileType = sourcecode.swift; path = HideAndSeekScene.swift; sourceTree = "<group>"; };
		26A9C6672ACBCC2700117948 /* HideAndSeekTutorialView.swift */ = {isa = PBXFileReference; lastKnownFileType = sourcecode.swift; path = HideAndSeekTutorialView.swift; sourceTree = "<group>"; };
		26A9C6692ACBCC5F00117948 /* ProgressBar.swift */ = {isa = PBXFileReference; lastKnownFileType = sourcecode.swift; path = ProgressBar.swift; sourceTree = "<group>"; };
		26A9C66B2ACBCC7B00117948 /* HideAndSeekBackground.swift */ = {isa = PBXFileReference; lastKnownFileType = sourcecode.swift; path = HideAndSeekBackground.swift; sourceTree = "<group>"; };
		26A9C66D2ACBCC8A00117948 /* PassThroughBackground.swift */ = {isa = PBXFileReference; lastKnownFileType = sourcecode.swift; path = PassThroughBackground.swift; sourceTree = "<group>"; };
		26A9C66F2ACBCC9700117948 /* NodeElement.swift */ = {isa = PBXFileReference; lastKnownFileType = sourcecode.swift; path = NodeElement.swift; sourceTree = "<group>"; };
		26A9C6712ACBCCC600117948 /* GameOverPage.swift */ = {isa = PBXFileReference; lastKnownFileType = sourcecode.swift; path = GameOverPage.swift; sourceTree = "<group>"; };
		26ECF09C2AE0CC71005F06E1 /* GameInfo.swift */ = {isa = PBXFileReference; lastKnownFileType = sourcecode.swift; path = GameInfo.swift; sourceTree = "<group>"; };
		2A563CFC2ADF86D800AFEF4C /* GuideView.swift */ = {isa = PBXFileReference; lastKnownFileType = sourcecode.swift; name = GuideView.swift; path = Games/HideAndSeek/GuideView.swift; sourceTree = "<group>"; };
		3D2B49892ACBD31100DA8827 /* DataController.swift */ = {isa = PBXFileReference; lastKnownFileType = sourcecode.swift; path = DataController.swift; sourceTree = "<group>"; };
		3DB613722AC5C66F00F0A792 /* Macrow-ADHD.app */ = {isa = PBXFileReference; explicitFileType = wrapper.application; includeInIndex = 0; path = "Macrow-ADHD.app"; sourceTree = BUILT_PRODUCTS_DIR; };
		3DB613752AC5C66F00F0A792 /* Macrow_ADHDApp.swift */ = {isa = PBXFileReference; lastKnownFileType = sourcecode.swift; path = Macrow_ADHDApp.swift; sourceTree = "<group>"; };
		3DB613772AC5C66F00F0A792 /* ContentView.swift */ = {isa = PBXFileReference; lastKnownFileType = sourcecode.swift; path = ContentView.swift; sourceTree = "<group>"; };
		3DB613792AC5C67100F0A792 /* Assets.xcassets */ = {isa = PBXFileReference; lastKnownFileType = folder.assetcatalog; path = Assets.xcassets; sourceTree = "<group>"; };
		3DB6137C2AC5C67100F0A792 /* Preview Assets.xcassets */ = {isa = PBXFileReference; lastKnownFileType = folder.assetcatalog; path = "Preview Assets.xcassets"; sourceTree = "<group>"; };
		542DD88B2AE58F4A0024387C /* Array+average.swift */ = {isa = PBXFileReference; lastKnownFileType = sourcecode.swift; path = "Array+average.swift"; sourceTree = "<group>"; };
		542DD88D2AE590D60024387C /* Report+GetFocusPause.swift */ = {isa = PBXFileReference; lastKnownFileType = sourcecode.swift; path = "Report+GetFocusPause.swift"; sourceTree = "<group>"; };
		542DD8972AE596D80024387C /* Report+CoreDataClass.swift */ = {isa = PBXFileReference; lastKnownFileType = sourcecode.swift; path = "Report+CoreDataClass.swift"; sourceTree = "<group>"; };
		542DD8982AE596D80024387C /* Report+CoreDataProperties.swift */ = {isa = PBXFileReference; lastKnownFileType = sourcecode.swift; path = "Report+CoreDataProperties.swift"; sourceTree = "<group>"; };
		542DD89F2AE59E230024387C /* Game+GetAnimal.swift */ = {isa = PBXFileReference; lastKnownFileType = sourcecode.swift; path = "Game+GetAnimal.swift"; sourceTree = "<group>"; };
		542DD8A12AE59E5A0024387C /* Game+CoreDataClass.swift */ = {isa = PBXFileReference; lastKnownFileType = sourcecode.swift; path = "Game+CoreDataClass.swift"; sourceTree = "<group>"; };
		542DD8A22AE59E5A0024387C /* Game+CoreDataProperties.swift */ = {isa = PBXFileReference; lastKnownFileType = sourcecode.swift; path = "Game+CoreDataProperties.swift"; sourceTree = "<group>"; };
		5491B13A2AE5C351004986A0 /* CentralManager.swift */ = {isa = PBXFileReference; lastKnownFileType = sourcecode.swift; path = CentralManager.swift; sourceTree = "<group>"; };
		54A421792AE25E4200C51A6C /* AnimalTypeEnum.swift */ = {isa = PBXFileReference; lastKnownFileType = sourcecode.swift; path = AnimalTypeEnum.swift; sourceTree = "<group>"; };
		54F6B0F12AE5B1F6003D874D /* MWMInstance.swift */ = {isa = PBXFileReference; fileEncoding = 4; lastKnownFileType = sourcecode.swift; path = MWMInstance.swift; sourceTree = "<group>"; };
		54F6B0F22AE5B1F6003D874D /* MWMModel.swift */ = {isa = PBXFileReference; fileEncoding = 4; lastKnownFileType = sourcecode.swift; path = MWMModel.swift; sourceTree = "<group>"; };
		B60864952AE62AE600424FCA /* MacroADHD-simulator.app */ = {isa = PBXFileReference; explicitFileType = wrapper.application; includeInIndex = 0; path = "MacroADHD-simulator.app"; sourceTree = BUILT_PRODUCTS_DIR; };
		B60864972AE62AE600424FCA /* MacroADHD_simulatorApp.swift */ = {isa = PBXFileReference; lastKnownFileType = sourcecode.swift; path = MacroADHD_simulatorApp.swift; sourceTree = "<group>"; };
		B61C40452ACF0AC9007CCC72 /* Jua-Regular.ttf */ = {isa = PBXFileReference; lastKnownFileType = file; path = "Jua-Regular.ttf"; sourceTree = "<group>"; };
		B64EFB612AE22B5A002190EA /* ReportModel.xcdatamodel */ = {isa = PBXFileReference; lastKnownFileType = wrapper.xcdatamodel; path = ReportModel.xcdatamodel; sourceTree = "<group>"; };
		B66E747D2ADF7C4300CCA69A /* Color+extension.swift */ = {isa = PBXFileReference; lastKnownFileType = sourcecode.swift; path = "Color+extension.swift"; sourceTree = "<group>"; };
		B67D3E0D2AD347D900DDA7D4 /* GameData.swift */ = {isa = PBXFileReference; lastKnownFileType = sourcecode.swift; path = GameData.swift; sourceTree = "<group>"; };
		B685ED102ACD3A610062D0C8 /* AttentionPopup.swift */ = {isa = PBXFileReference; lastKnownFileType = sourcecode.swift; path = AttentionPopup.swift; sourceTree = "<group>"; };
		B685ED122ACD447D0062D0C8 /* HeadpieceIndicator.swift */ = {isa = PBXFileReference; lastKnownFileType = sourcecode.swift; path = HeadpieceIndicator.swift; sourceTree = "<group>"; };
		B69C52F52ACBD9CC009B3493 /* Homepage.swift */ = {isa = PBXFileReference; lastKnownFileType = sourcecode.swift; path = Homepage.swift; sourceTree = "<group>"; };
		B6B2D91C2AF0FF1900C64CAA /* SplashScreen.swift */ = {isa = PBXFileReference; fileEncoding = 4; lastKnownFileType = sourcecode.swift; name = SplashScreen.swift; path = "Macrow-ADHD/SplashScreen.swift"; sourceTree = SOURCE_ROOT; };
		B6B2D91E2AF0FF2100C64CAA /* SplashScreen.swift */ = {isa = PBXFileReference; fileEncoding = 4; lastKnownFileType = sourcecode.swift; path = SplashScreen.swift; sourceTree = "<group>"; };
		B6B2D9202AF0FF4500C64CAA /* Hide&SeekIntroduction.swift */ = {isa = PBXFileReference; fileEncoding = 4; lastKnownFileType = sourcecode.swift; name = "Hide&SeekIntroduction.swift"; path = "Macrow-ADHD/Hide&SeekIntroduction.swift"; sourceTree = SOURCE_ROOT; };
		B6B2D9222AF0FF4900C64CAA /* Hide&SeekIntroduction.swift */ = {isa = PBXFileReference; fileEncoding = 4; lastKnownFileType = sourcecode.swift; path = "Hide&SeekIntroduction.swift"; sourceTree = "<group>"; };
		B6B2D9242AF0FF7C00C64CAA /* TouchButton.swift */ = {isa = PBXFileReference; fileEncoding = 4; lastKnownFileType = sourcecode.swift; name = TouchButton.swift; path = "Macrow-ADHD/TouchButton.swift"; sourceTree = SOURCE_ROOT; };
		B6B2D9262AF0FF8100C64CAA /* TouchButton.swift */ = {isa = PBXFileReference; fileEncoding = 4; lastKnownFileType = sourcecode.swift; path = TouchButton.swift; sourceTree = "<group>"; };
		B6B2D9282AF0FF9B00C64CAA /* BubbleText.swift */ = {isa = PBXFileReference; fileEncoding = 4; lastKnownFileType = sourcecode.swift; name = BubbleText.swift; path = "Macrow-ADHD/BubbleText.swift"; sourceTree = SOURCE_ROOT; };
		B6B2D92A2AF0FFA000C64CAA /* BubbleText.swift */ = {isa = PBXFileReference; fileEncoding = 4; lastKnownFileType = sourcecode.swift; path = BubbleText.swift; sourceTree = "<group>"; };
		B6BFD4652AE139D300D3AAB1 /* MWMEnum.h */ = {isa = PBXFileReference; fileEncoding = 4; lastKnownFileType = sourcecode.c.h; path = MWMEnum.h; sourceTree = "<group>"; };
		B6BFD4662AE139D300D3AAB1 /* MWMDelegate.h */ = {isa = PBXFileReference; fileEncoding = 4; lastKnownFileType = sourcecode.c.h; path = MWMDelegate.h; sourceTree = "<group>"; };
		B6BFD4672AE139D300D3AAB1 /* MWMDevice.h */ = {isa = PBXFileReference; fileEncoding = 4; lastKnownFileType = sourcecode.c.h; path = MWMDevice.h; sourceTree = "<group>"; };
		B6BFD4682AE139D300D3AAB1 /* libMWMSDK.a */ = {isa = PBXFileReference; lastKnownFileType = archive.ar; path = libMWMSDK.a; sourceTree = "<group>"; };
		B6BFD4732AE139E400D3AAB1 /* Bridging-Header.h */ = {isa = PBXFileReference; fileEncoding = 4; lastKnownFileType = sourcecode.c.h; path = "Bridging-Header.h"; sourceTree = "<group>"; };
		B6D1C8FB2AE837A8003B4331 /* HomeItemView.swift */ = {isa = PBXFileReference; fileEncoding = 4; lastKnownFileType = sourcecode.swift; name = HomeItemView.swift; path = "Macrow-ADHD/HomeItemView.swift"; sourceTree = SOURCE_ROOT; };
		B6D1C9112AE837A8003B4331 /* ContentView.swift */ = {isa = PBXFileReference; fileEncoding = 4; lastKnownFileType = sourcecode.swift; name = ContentView.swift; path = "Macrow-ADHD/ContentView.swift"; sourceTree = SOURCE_ROOT; };
		B6D1C9202AE837A9003B4331 /* GameView.swift */ = {isa = PBXFileReference; fileEncoding = 4; lastKnownFileType = sourcecode.swift; name = GameView.swift; path = "Macrow-ADHD/GameView.swift"; sourceTree = SOURCE_ROOT; };
		B6D1C9222AE837A9003B4331 /* ButtonView.swift */ = {isa = PBXFileReference; fileEncoding = 4; lastKnownFileType = sourcecode.swift; name = ButtonView.swift; path = "Macrow-ADHD/ButtonView.swift"; sourceTree = SOURCE_ROOT; };
		B6D1C9322AE837A9003B4331 /* GameInfo.swift */ = {isa = PBXFileReference; fileEncoding = 4; lastKnownFileType = sourcecode.swift; name = GameInfo.swift; path = "Macrow-ADHD/GameInfo.swift"; sourceTree = SOURCE_ROOT; };
		B6D1C9332AE837A9003B4331 /* GameDescriptionView.swift */ = {isa = PBXFileReference; fileEncoding = 4; lastKnownFileType = sourcecode.swift; name = GameDescriptionView.swift; path = "Macrow-ADHD/GameDescriptionView.swift"; sourceTree = SOURCE_ROOT; };
		B6D1C9342AE837A9003B4331 /* Homepage.swift */ = {isa = PBXFileReference; fileEncoding = 4; lastKnownFileType = sourcecode.swift; name = Homepage.swift; path = "Macrow-ADHD/Homepage.swift"; sourceTree = SOURCE_ROOT; };
		B6D1C9612AE8396C003B4331 /* HideAndSeekWithHeadpiece.swift */ = {isa = PBXFileReference; fileEncoding = 4; lastKnownFileType = sourcecode.swift; path = HideAndSeekWithHeadpiece.swift; sourceTree = "<group>"; };
		B6D1C9672AE83BCF003B4331 /* GuideView.swift */ = {isa = PBXFileReference; fileEncoding = 4; lastKnownFileType = sourcecode.swift; name = GuideView.swift; path = "Macrow-ADHD/Games/HideAndSeek/GuideView.swift"; sourceTree = SOURCE_ROOT; };
		B6D1C96C2AE83C6D003B4331 /* HomeView.swift */ = {isa = PBXFileReference; fileEncoding = 4; lastKnownFileType = sourcecode.swift; name = HomeView.swift; path = "Macrow-ADHD/HomeView.swift"; sourceTree = SOURCE_ROOT; };
		B6D1C97A2AE83DB7003B4331 /* GameData.swift */ = {isa = PBXFileReference; fileEncoding = 4; lastKnownFileType = sourcecode.swift; path = GameData.swift; sourceTree = "<group>"; };
		B6D1C97B2AE83DB7003B4331 /* NewPage.swift */ = {isa = PBXFileReference; fileEncoding = 4; lastKnownFileType = sourcecode.swift; path = NewPage.swift; sourceTree = "<group>"; };
		B6D1C97C2AE83DB7003B4331 /* HideAndSeekWithHeadpiece.swift */ = {isa = PBXFileReference; fileEncoding = 4; lastKnownFileType = sourcecode.swift; path = HideAndSeekWithHeadpiece.swift; sourceTree = "<group>"; };
		B6D1C97D2AE83DB7003B4331 /* GameOverPage.swift */ = {isa = PBXFileReference; fileEncoding = 4; lastKnownFileType = sourcecode.swift; path = GameOverPage.swift; sourceTree = "<group>"; };
		B6D1C97E2AE83DB7003B4331 /* AttentionPopup.swift */ = {isa = PBXFileReference; fileEncoding = 4; lastKnownFileType = sourcecode.swift; path = AttentionPopup.swift; sourceTree = "<group>"; };
		B6D1C97F2AE83DB7003B4331 /* HideAndSeekTutorialView.swift */ = {isa = PBXFileReference; fileEncoding = 4; lastKnownFileType = sourcecode.swift; path = HideAndSeekTutorialView.swift; sourceTree = "<group>"; };
		B6D1C9802AE83DB7003B4331 /* PassThroughBackground.swift */ = {isa = PBXFileReference; fileEncoding = 4; lastKnownFileType = sourcecode.swift; path = PassThroughBackground.swift; sourceTree = "<group>"; };
		B6D1C9812AE83DB7003B4331 /* ProgressBar.swift */ = {isa = PBXFileReference; fileEncoding = 4; lastKnownFileType = sourcecode.swift; path = ProgressBar.swift; sourceTree = "<group>"; };
		B6D1C9822AE83DB7003B4331 /* NodeElement.swift */ = {isa = PBXFileReference; fileEncoding = 4; lastKnownFileType = sourcecode.swift; path = NodeElement.swift; sourceTree = "<group>"; };
		B6D1C9832AE83DB7003B4331 /* HeadpieceIndicator.swift */ = {isa = PBXFileReference; fileEncoding = 4; lastKnownFileType = sourcecode.swift; path = HeadpieceIndicator.swift; sourceTree = "<group>"; };
		B6D1C9842AE83DB7003B4331 /* HideAndSeekScene.swift */ = {isa = PBXFileReference; fileEncoding = 4; lastKnownFileType = sourcecode.swift; path = HideAndSeekScene.swift; sourceTree = "<group>"; };
		B6D1C9852AE83DB7003B4331 /* HideAndSeekBackground.swift */ = {isa = PBXFileReference; fileEncoding = 4; lastKnownFileType = sourcecode.swift; path = HideAndSeekBackground.swift; sourceTree = "<group>"; };
		B6D1C9862AE83DB7003B4331 /* GuideView.swift */ = {isa = PBXFileReference; fileEncoding = 4; lastKnownFileType = sourcecode.swift; path = GuideView.swift; sourceTree = "<group>"; };
		B6D1C9882AE83DB7003B4331 /* Preview Assets.xcassets */ = {isa = PBXFileReference; lastKnownFileType = folder.assetcatalog; path = "Preview Assets.xcassets"; sourceTree = "<group>"; };
		B6D1C98A2AE83DB7003B4331 /* Assets.xcassets */ = {isa = PBXFileReference; lastKnownFileType = folder.assetcatalog; path = Assets.xcassets; sourceTree = "<group>"; };
		B6D1C98B2AE83DB7003B4331 /* Color+extension.swift */ = {isa = PBXFileReference; fileEncoding = 4; lastKnownFileType = sourcecode.swift; path = "Color+extension.swift"; sourceTree = "<group>"; };
		B6D1C98D2AE83DB7003B4331 /* Jua-Regular.ttf */ = {isa = PBXFileReference; lastKnownFileType = file; path = "Jua-Regular.ttf"; sourceTree = "<group>"; };
		B6D1C9902AE83DB7003B4331 /* Array+average.swift */ = {isa = PBXFileReference; fileEncoding = 4; lastKnownFileType = sourcecode.swift; path = "Array+average.swift"; sourceTree = "<group>"; };
		B6D1C9912AE83DB7003B4331 /* CentralManager.swift */ = {isa = PBXFileReference; fileEncoding = 4; lastKnownFileType = sourcecode.swift; path = CentralManager.swift; sourceTree = "<group>"; };
		B6D1C99D2AE83DB7003B4331 /* ReportModel.xcdatamodel */ = {isa = PBXFileReference; lastKnownFileType = wrapper.xcdatamodel; path = ReportModel.xcdatamodel; sourceTree = "<group>"; };
		B6D1C99E2AE83DB7003B4331 /* DataController.swift */ = {isa = PBXFileReference; fileEncoding = 4; lastKnownFileType = sourcecode.swift; path = DataController.swift; sourceTree = "<group>"; };
		B6D1C9A02AE83DB7003B4331 /* Game+GetAnimal.swift */ = {isa = PBXFileReference; fileEncoding = 4; lastKnownFileType = sourcecode.swift; path = "Game+GetAnimal.swift"; sourceTree = "<group>"; };
		B6D1C9A12AE83DB7003B4331 /* Game+CoreDataClass.swift */ = {isa = PBXFileReference; fileEncoding = 4; lastKnownFileType = sourcecode.swift; path = "Game+CoreDataClass.swift"; sourceTree = "<group>"; };
		B6D1C9A22AE83DB7003B4331 /* Game+CoreDataProperties.swift */ = {isa = PBXFileReference; fileEncoding = 4; lastKnownFileType = sourcecode.swift; path = "Game+CoreDataProperties.swift"; sourceTree = "<group>"; };
		B6D1C9A42AE83DB7003B4331 /* AnimalTypeEnum.swift */ = {isa = PBXFileReference; fileEncoding = 4; lastKnownFileType = sourcecode.swift; path = AnimalTypeEnum.swift; sourceTree = "<group>"; };
		B6D1C9A62AE83DB7003B4331 /* Report+GetFocusPause.swift */ = {isa = PBXFileReference; fileEncoding = 4; lastKnownFileType = sourcecode.swift; path = "Report+GetFocusPause.swift"; sourceTree = "<group>"; };
		B6D1C9A72AE83DB7003B4331 /* Report+CoreDataProperties.swift */ = {isa = PBXFileReference; fileEncoding = 4; lastKnownFileType = sourcecode.swift; path = "Report+CoreDataProperties.swift"; sourceTree = "<group>"; };
		B6D1C9A82AE83DB7003B4331 /* Report+CoreDataClass.swift */ = {isa = PBXFileReference; fileEncoding = 4; lastKnownFileType = sourcecode.swift; path = "Report+CoreDataClass.swift"; sourceTree = "<group>"; };
		B6D1C9C92AE83DF1003B4331 /* MWMModel.swift */ = {isa = PBXFileReference; fileEncoding = 4; lastKnownFileType = sourcecode.swift; name = MWMModel.swift; path = "MacroADHD-simulator/MWMModel.swift"; sourceTree = SOURCE_ROOT; };
		B6D1C9CA2AE83DF1003B4331 /* MWMInstance.swift */ = {isa = PBXFileReference; fileEncoding = 4; lastKnownFileType = sourcecode.swift; name = MWMInstance.swift; path = "MacroADHD-simulator/MWMInstance.swift"; sourceTree = SOURCE_ROOT; };
		B6D1C9CD2AE83E59003B4331 /* MWMDevice.swift */ = {isa = PBXFileReference; fileEncoding = 4; lastKnownFileType = sourcecode.swift; name = MWMDevice.swift; path = "MacroADHD-simulator/MWMDevice.swift"; sourceTree = SOURCE_ROOT; };
/* End PBXFileReference section */

/* Begin PBXFrameworksBuildPhase section */
		3DB6136F2AC5C66F00F0A792 /* Frameworks */ = {
			isa = PBXFrameworksBuildPhase;
			buildActionMask = 2147483647;
			files = (
				B6BFD46E2AE139D400D3AAB1 /* libMWMSDK.a in Frameworks */,
			);
			runOnlyForDeploymentPostprocessing = 0;
		};
		B60864922AE62AE600424FCA /* Frameworks */ = {
			isa = PBXFrameworksBuildPhase;
			buildActionMask = 2147483647;
			files = (
			);
			runOnlyForDeploymentPostprocessing = 0;
		};
/* End PBXFrameworksBuildPhase section */

/* Begin PBXGroup section */
		3D2B49832ACBD1B400DA8827 /* Games */ = {
			isa = PBXGroup;
			children = (
				3D2B49842ACBD1BF00DA8827 /* HideAndSeek */,
			);
			path = Games;
			sourceTree = "<group>";
		};
		3D2B49842ACBD1BF00DA8827 /* HideAndSeek */ = {
			isa = PBXGroup;
			children = (
				B6D1C9612AE8396C003B4331 /* HideAndSeekWithHeadpiece.swift */,
				26A9C6652ACBCC0D00117948 /* HideAndSeekScene.swift */,
				26A9C6712ACBCCC600117948 /* GameOverPage.swift */,
				26A9C6672ACBCC2700117948 /* HideAndSeekTutorialView.swift */,
				26A9C6692ACBCC5F00117948 /* ProgressBar.swift */,
				26A9C66B2ACBCC7B00117948 /* HideAndSeekBackground.swift */,
				26A9C66D2ACBCC8A00117948 /* PassThroughBackground.swift */,
				26A9C66F2ACBCC9700117948 /* NodeElement.swift */,
				B685ED102ACD3A610062D0C8 /* AttentionPopup.swift */,
				B685ED122ACD447D0062D0C8 /* HeadpieceIndicator.swift */,
				B67D3E0D2AD347D900DDA7D4 /* GameData.swift */,
			);
			path = HideAndSeek;
			sourceTree = "<group>";
		};
		3D2B49852ACBD2C000DA8827 /* Data Model */ = {
			isa = PBXGroup;
			children = (
				542DD8A72AE59F280024387C /* Animal */,
				542DD8A62AE59EA50024387C /* Report */,
				542DD8A52AE59E9A0024387C /* Game */,
				3D2B49892ACBD31100DA8827 /* DataController.swift */,
				B64EFB602AE22B5A002190EA /* ReportModel.xcdatamodeld */,
			);
			path = "Data Model";
			sourceTree = "<group>";
		};
		3DB613692AC5C66F00F0A792 = {
			isa = PBXGroup;
			children = (
				3DB613742AC5C66F00F0A792 /* Macrow-ADHD */,
				B60864962AE62AE600424FCA /* MacroADHD-simulator */,
				3DB613732AC5C66F00F0A792 /* Products */,
			);
			sourceTree = "<group>";
		};
		3DB613732AC5C66F00F0A792 /* Products */ = {
			isa = PBXGroup;
			children = (
				3DB613722AC5C66F00F0A792 /* Macrow-ADHD.app */,
				B60864952AE62AE600424FCA /* MacroADHD-simulator.app */,
			);
			name = Products;
			sourceTree = "<group>";
		};
		3DB613742AC5C66F00F0A792 /* Macrow-ADHD */ = {
			isa = PBXGroup;
			children = (
				B6B2D91E2AF0FF2100C64CAA /* SplashScreen.swift */,
				B6B2D9222AF0FF4900C64CAA /* Hide&SeekIntroduction.swift */,
				B6B2D9262AF0FF8100C64CAA /* TouchButton.swift */,
				B6B2D92A2AF0FFA000C64CAA /* BubbleText.swift */,
				B61C40432ACF0AA8007CCC72 /* Resources */,
				B6BFD4732AE139E400D3AAB1 /* Bridging-Header.h */,
				3D2B49852ACBD2C000DA8827 /* Data Model */,
				B69C52E72ACBD392009B3493 /* Utilities */,
				3D2B49832ACBD1B400DA8827 /* Games */,
				3DB613752AC5C66F00F0A792 /* Macrow_ADHDApp.swift */,
				3DB613772AC5C66F00F0A792 /* ContentView.swift */,
				3DB6137B2AC5C67100F0A792 /* Preview Content */,
				268DE2432ADF756C0097E3F2 /* HomeView.swift */,
				268DE2452ADF786B0097E3F2 /* ButtonView.swift */,
				268DE2492ADF85500097E3F2 /* HomeItemView.swift */,
				268DE24B2ADF85FC0097E3F2 /* GameView.swift */,
				268DE24D2ADF87230097E3F2 /* GameDescriptionView.swift */,
				26ECF09C2AE0CC71005F06E1 /* GameInfo.swift */,
				B69C52F52ACBD9CC009B3493 /* Homepage.swift */,
				2A563CFC2ADF86D800AFEF4C /* GuideView.swift */,
			);
			path = "Macrow-ADHD";
			sourceTree = "<group>";
		};
		3DB6137B2AC5C67100F0A792 /* Preview Content */ = {
			isa = PBXGroup;
			children = (
				3DB6137C2AC5C67100F0A792 /* Preview Assets.xcassets */,
			);
			path = "Preview Content";
			sourceTree = "<group>";
		};
		542DD88A2AE58F310024387C /* Extension */ = {
			isa = PBXGroup;
			children = (
				542DD88B2AE58F4A0024387C /* Array+average.swift */,
			);
			path = Extension;
			sourceTree = "<group>";
		};
		542DD8A52AE59E9A0024387C /* Game */ = {
			isa = PBXGroup;
			children = (
				542DD8A12AE59E5A0024387C /* Game+CoreDataClass.swift */,
				542DD8A22AE59E5A0024387C /* Game+CoreDataProperties.swift */,
				542DD89F2AE59E230024387C /* Game+GetAnimal.swift */,
			);
			path = Game;
			sourceTree = "<group>";
		};
		542DD8A62AE59EA50024387C /* Report */ = {
			isa = PBXGroup;
			children = (
				542DD8972AE596D80024387C /* Report+CoreDataClass.swift */,
				542DD8982AE596D80024387C /* Report+CoreDataProperties.swift */,
				542DD88D2AE590D60024387C /* Report+GetFocusPause.swift */,
			);
			path = Report;
			sourceTree = "<group>";
		};
		542DD8A72AE59F280024387C /* Animal */ = {
			isa = PBXGroup;
			children = (
				54A421792AE25E4200C51A6C /* AnimalTypeEnum.swift */,
			);
			path = Animal;
			sourceTree = "<group>";
		};
		54F6B0F02AE5B1F6003D874D /* NeuroskyHelper */ = {
			isa = PBXGroup;
			children = (
				54F6B0F12AE5B1F6003D874D /* MWMInstance.swift */,
				54F6B0F22AE5B1F6003D874D /* MWMModel.swift */,
			);
			path = NeuroskyHelper;
			sourceTree = "<group>";
		};
		B60864962AE62AE600424FCA /* MacroADHD-simulator */ = {
			isa = PBXGroup;
			children = (
				B6B2D91C2AF0FF1900C64CAA /* SplashScreen.swift */,
				B6B2D9202AF0FF4500C64CAA /* Hide&SeekIntroduction.swift */,
				B6B2D9242AF0FF7C00C64CAA /* TouchButton.swift */,
				B6B2D9282AF0FF9B00C64CAA /* BubbleText.swift */,
				B6D1C9892AE83DB7003B4331 /* Resources */,
				B6D1C99B2AE83DB7003B4331 /* Data Model */,
				B6D1C9782AE83DB7003B4331 /* Games */,
				B6D1C98E2AE83DB7003B4331 /* Utilities */,
				B60864972AE62AE600424FCA /* MacroADHD_simulatorApp.swift */,
				B6D1C9112AE837A8003B4331 /* ContentView.swift */,
				B6D1C9872AE83DB7003B4331 /* Preview Content */,
				B6D1C96C2AE83C6D003B4331 /* HomeView.swift */,
				B6D1C9222AE837A9003B4331 /* ButtonView.swift */,
				B6D1C8FB2AE837A8003B4331 /* HomeItemView.swift */,
				B6D1C9202AE837A9003B4331 /* GameView.swift */,
				B6D1C9332AE837A9003B4331 /* GameDescriptionView.swift */,
				B6D1C9322AE837A9003B4331 /* GameInfo.swift */,
				B6D1C9342AE837A9003B4331 /* Homepage.swift */,
				B6D1C9672AE83BCF003B4331 /* GuideView.swift */,
			);
			path = "MacroADHD-simulator";
			sourceTree = "<group>";
		};
		B61C40432ACF0AA8007CCC72 /* Resources */ = {
			isa = PBXGroup;
			children = (
				B61C40442ACF0AB3007CCC72 /* Fonts */,
				3DB613792AC5C67100F0A792 /* Assets.xcassets */,
				B66E747D2ADF7C4300CCA69A /* Color+extension.swift */,
			);
			path = Resources;
			sourceTree = "<group>";
		};
		B61C40442ACF0AB3007CCC72 /* Fonts */ = {
			isa = PBXGroup;
			children = (
				B61C40452ACF0AC9007CCC72 /* Jua-Regular.ttf */,
			);
			path = Fonts;
			sourceTree = "<group>";
		};
		B69C52E72ACBD392009B3493 /* Utilities */ = {
			isa = PBXGroup;
			children = (
				54F6B0F02AE5B1F6003D874D /* NeuroskyHelper */,
				542DD88A2AE58F310024387C /* Extension */,
				B6BFD4642AE139D300D3AAB1 /* lib */,
				5491B13A2AE5C351004986A0 /* CentralManager.swift */,
			);
			path = Utilities;
			sourceTree = "<group>";
		};
		B6BFD4642AE139D300D3AAB1 /* lib */ = {
			isa = PBXGroup;
			children = (
				B6BFD4652AE139D300D3AAB1 /* MWMEnum.h */,
				B6BFD4662AE139D300D3AAB1 /* MWMDelegate.h */,
				B6BFD4672AE139D300D3AAB1 /* MWMDevice.h */,
				B6BFD4682AE139D300D3AAB1 /* libMWMSDK.a */,
			);
			path = lib;
			sourceTree = "<group>";
		};
		B6D1C9782AE83DB7003B4331 /* Games */ = {
			isa = PBXGroup;
			children = (
				B6D1C9792AE83DB7003B4331 /* HideAndSeek */,
			);
			name = Games;
			path = "Macrow-ADHD/Games";
			sourceTree = SOURCE_ROOT;
		};
		B6D1C9792AE83DB7003B4331 /* HideAndSeek */ = {
			isa = PBXGroup;
			children = (
				B6D1C97A2AE83DB7003B4331 /* GameData.swift */,
				B6D1C97B2AE83DB7003B4331 /* NewPage.swift */,
				B6D1C97C2AE83DB7003B4331 /* HideAndSeekWithHeadpiece.swift */,
				B6D1C97D2AE83DB7003B4331 /* GameOverPage.swift */,
				B6D1C97E2AE83DB7003B4331 /* AttentionPopup.swift */,
				B6D1C97F2AE83DB7003B4331 /* HideAndSeekTutorialView.swift */,
				B6D1C9802AE83DB7003B4331 /* PassThroughBackground.swift */,
				B6D1C9812AE83DB7003B4331 /* ProgressBar.swift */,
				B6D1C9822AE83DB7003B4331 /* NodeElement.swift */,
				B6D1C9832AE83DB7003B4331 /* HeadpieceIndicator.swift */,
				B6D1C9842AE83DB7003B4331 /* HideAndSeekScene.swift */,
				B6D1C9852AE83DB7003B4331 /* HideAndSeekBackground.swift */,
				B6D1C9862AE83DB7003B4331 /* GuideView.swift */,
			);
			path = HideAndSeek;
			sourceTree = "<group>";
		};
		B6D1C9872AE83DB7003B4331 /* Preview Content */ = {
			isa = PBXGroup;
			children = (
				B6D1C9882AE83DB7003B4331 /* Preview Assets.xcassets */,
			);
			name = "Preview Content";
			path = "Macrow-ADHD/Preview Content";
			sourceTree = SOURCE_ROOT;
		};
		B6D1C9892AE83DB7003B4331 /* Resources */ = {
			isa = PBXGroup;
			children = (
				B6D1C98A2AE83DB7003B4331 /* Assets.xcassets */,
				B6D1C98B2AE83DB7003B4331 /* Color+extension.swift */,
				B6D1C98C2AE83DB7003B4331 /* Fonts */,
			);
			name = Resources;
			path = "Macrow-ADHD/Resources";
			sourceTree = SOURCE_ROOT;
		};
		B6D1C98C2AE83DB7003B4331 /* Fonts */ = {
			isa = PBXGroup;
			children = (
				B6D1C98D2AE83DB7003B4331 /* Jua-Regular.ttf */,
			);
			path = Fonts;
			sourceTree = "<group>";
		};
		B6D1C98E2AE83DB7003B4331 /* Utilities */ = {
			isa = PBXGroup;
			children = (
				B6D1C98F2AE83DB7003B4331 /* Extension */,
				B6D1C9912AE83DB7003B4331 /* CentralManager.swift */,
				B6D1C9972AE83DB7003B4331 /* NeuroskyHelper */,
			);
			name = Utilities;
			path = "Macrow-ADHD/Utilities";
			sourceTree = SOURCE_ROOT;
		};
		B6D1C98F2AE83DB7003B4331 /* Extension */ = {
			isa = PBXGroup;
			children = (
				B6D1C9902AE83DB7003B4331 /* Array+average.swift */,
			);
			path = Extension;
			sourceTree = "<group>";
		};
		B6D1C9972AE83DB7003B4331 /* NeuroskyHelper */ = {
			isa = PBXGroup;
			children = (
				B6D1C9CD2AE83E59003B4331 /* MWMDevice.swift */,
				B6D1C9CA2AE83DF1003B4331 /* MWMInstance.swift */,
				B6D1C9C92AE83DF1003B4331 /* MWMModel.swift */,
			);
			path = NeuroskyHelper;
			sourceTree = "<group>";
		};
		B6D1C99B2AE83DB7003B4331 /* Data Model */ = {
			isa = PBXGroup;
			children = (
				B6D1C99C2AE83DB7003B4331 /* ReportModel.xcdatamodeld */,
				B6D1C99E2AE83DB7003B4331 /* DataController.swift */,
				B6D1C99F2AE83DB7003B4331 /* Game */,
				B6D1C9A32AE83DB7003B4331 /* Animal */,
				B6D1C9A52AE83DB7003B4331 /* Report */,
			);
			name = "Data Model";
			path = "Macrow-ADHD/Data Model";
			sourceTree = SOURCE_ROOT;
		};
		B6D1C99F2AE83DB7003B4331 /* Game */ = {
			isa = PBXGroup;
			children = (
				B6D1C9A02AE83DB7003B4331 /* Game+GetAnimal.swift */,
				B6D1C9A12AE83DB7003B4331 /* Game+CoreDataClass.swift */,
				B6D1C9A22AE83DB7003B4331 /* Game+CoreDataProperties.swift */,
			);
			path = Game;
			sourceTree = "<group>";
		};
		B6D1C9A32AE83DB7003B4331 /* Animal */ = {
			isa = PBXGroup;
			children = (
				B6D1C9A42AE83DB7003B4331 /* AnimalTypeEnum.swift */,
			);
			path = Animal;
			sourceTree = "<group>";
		};
		B6D1C9A52AE83DB7003B4331 /* Report */ = {
			isa = PBXGroup;
			children = (
				B6D1C9A62AE83DB7003B4331 /* Report+GetFocusPause.swift */,
				B6D1C9A72AE83DB7003B4331 /* Report+CoreDataProperties.swift */,
				B6D1C9A82AE83DB7003B4331 /* Report+CoreDataClass.swift */,
			);
			path = Report;
			sourceTree = "<group>";
		};
/* End PBXGroup section */

/* Begin PBXNativeTarget section */
		3DB613712AC5C66F00F0A792 /* Macrow-ADHD */ = {
			isa = PBXNativeTarget;
			buildConfigurationList = 3DB613802AC5C67100F0A792 /* Build configuration list for PBXNativeTarget "Macrow-ADHD" */;
			buildPhases = (
				3DB6136E2AC5C66F00F0A792 /* Sources */,
				3DB6136F2AC5C66F00F0A792 /* Frameworks */,
				3DB613702AC5C66F00F0A792 /* Resources */,
			);
			buildRules = (
			);
			dependencies = (
			);
			name = "Macrow-ADHD";
			productName = "Macrow-ADHD";
			productReference = 3DB613722AC5C66F00F0A792 /* Macrow-ADHD.app */;
			productType = "com.apple.product-type.application";
		};
		B60864942AE62AE600424FCA /* MacroADHD-simulator */ = {
			isa = PBXNativeTarget;
			buildConfigurationList = B60864A22AE62AE700424FCA /* Build configuration list for PBXNativeTarget "MacroADHD-simulator" */;
			buildPhases = (
				B60864912AE62AE600424FCA /* Sources */,
				B60864922AE62AE600424FCA /* Frameworks */,
				B60864932AE62AE600424FCA /* Resources */,
			);
			buildRules = (
			);
			dependencies = (
			);
			name = "MacroADHD-simulator";
			productName = "MacroADHD-simulator";
			productReference = B60864952AE62AE600424FCA /* MacroADHD-simulator.app */;
			productType = "com.apple.product-type.application";
		};
/* End PBXNativeTarget section */

/* Begin PBXProject section */
		3DB6136A2AC5C66F00F0A792 /* Project object */ = {
			isa = PBXProject;
			attributes = {
				BuildIndependentTargetsInParallel = 1;
				LastSwiftUpdateCheck = 1500;
				LastUpgradeCheck = 1500;
				TargetAttributes = {
					3DB613712AC5C66F00F0A792 = {
						CreatedOnToolsVersion = 15.0;
					};
					B60864942AE62AE600424FCA = {
						CreatedOnToolsVersion = 15.0.1;
					};
				};
			};
			buildConfigurationList = 3DB6136D2AC5C66F00F0A792 /* Build configuration list for PBXProject "Macrow-ADHD" */;
			compatibilityVersion = "Xcode 14.0";
			developmentRegion = en;
			hasScannedForEncodings = 0;
			knownRegions = (
				en,
				Base,
			);
			mainGroup = 3DB613692AC5C66F00F0A792;
			productRefGroup = 3DB613732AC5C66F00F0A792 /* Products */;
			projectDirPath = "";
			projectRoot = "";
			targets = (
				3DB613712AC5C66F00F0A792 /* Macrow-ADHD */,
				B60864942AE62AE600424FCA /* MacroADHD-simulator */,
			);
		};
/* End PBXProject section */

/* Begin PBXResourcesBuildPhase section */
		3DB613702AC5C66F00F0A792 /* Resources */ = {
			isa = PBXResourcesBuildPhase;
			buildActionMask = 2147483647;
			files = (
				B61C40462ACF0AC9007CCC72 /* Jua-Regular.ttf in Resources */,
				3DB6137D2AC5C67100F0A792 /* Preview Assets.xcassets in Resources */,
				3DB6137A2AC5C67100F0A792 /* Assets.xcassets in Resources */,
			);
			runOnlyForDeploymentPostprocessing = 0;
		};
		B60864932AE62AE600424FCA /* Resources */ = {
			isa = PBXResourcesBuildPhase;
			buildActionMask = 2147483647;
			files = (
				B6D1C9B92AE83DB7003B4331 /* Jua-Regular.ttf in Resources */,
				B6D1C9B72AE83DB7003B4331 /* Assets.xcassets in Resources */,
				B6D1C9B62AE83DB7003B4331 /* Preview Assets.xcassets in Resources */,
			);
			runOnlyForDeploymentPostprocessing = 0;
		};
/* End PBXResourcesBuildPhase section */

/* Begin PBXSourcesBuildPhase section */
		3DB6136E2AC5C66F00F0A792 /* Sources */ = {
			isa = PBXSourcesBuildPhase;
			buildActionMask = 2147483647;
			files = (
				B6B2D91F2AF0FF2100C64CAA /* SplashScreen.swift in Sources */,
				268DE2442ADF756C0097E3F2 /* HomeView.swift in Sources */,
				268DE24C2ADF85FC0097E3F2 /* GameView.swift in Sources */,
				268DE24E2ADF87230097E3F2 /* GameDescriptionView.swift in Sources */,
				268DE24A2ADF85500097E3F2 /* HomeItemView.swift in Sources */,
				268DE2462ADF786B0097E3F2 /* ButtonView.swift in Sources */,
				26ECF09D2AE0CC71005F06E1 /* GameInfo.swift in Sources */,
				54F6B0F42AE5B1F6003D874D /* MWMModel.swift in Sources */,
				26A9C6682ACBCC2700117948 /* HideAndSeekTutorialView.swift in Sources */,
				542DD89A2AE596D80024387C /* Report+CoreDataProperties.swift in Sources */,
				B64EFB622AE22B5A002190EA /* ReportModel.xcdatamodeld in Sources */,
				26A9C6662ACBCC0D00117948 /* HideAndSeekScene.swift in Sources */,
				2A563CFD2ADF86D800AFEF4C /* GuideView.swift in Sources */,
				B6D1C9622AE8396C003B4331 /* HideAndSeekWithHeadpiece.swift in Sources */,
				542DD8A32AE59E5A0024387C /* Game+CoreDataClass.swift in Sources */,
				542DD88C2AE58F4A0024387C /* Array+average.swift in Sources */,
				B69C52F62ACBD9CC009B3493 /* Homepage.swift in Sources */,
				B6B2D9232AF0FF4900C64CAA /* Hide&SeekIntroduction.swift in Sources */,
				542DD8A42AE59E5A0024387C /* Game+CoreDataProperties.swift in Sources */,
				3DB613782AC5C66F00F0A792 /* ContentView.swift in Sources */,
				26A9C6702ACBCC9700117948 /* NodeElement.swift in Sources */,
				B67D3E0E2AD347D900DDA7D4 /* GameData.swift in Sources */,
				B685ED132ACD447D0062D0C8 /* HeadpieceIndicator.swift in Sources */,
				26A9C66C2ACBCC7B00117948 /* HideAndSeekBackground.swift in Sources */,
				54F6B0F32AE5B1F6003D874D /* MWMInstance.swift in Sources */,
				542DD8992AE596D80024387C /* Report+CoreDataClass.swift in Sources */,
				B6B2D92B2AF0FFA000C64CAA /* BubbleText.swift in Sources */,
				3D2B498A2ACBD31100DA8827 /* DataController.swift in Sources */,
				26A9C6722ACBCCC600117948 /* GameOverPage.swift in Sources */,
				26A9C66E2ACBCC8A00117948 /* PassThroughBackground.swift in Sources */,
				B685ED112ACD3A610062D0C8 /* AttentionPopup.swift in Sources */,
				54A4217A2AE25E4200C51A6C /* AnimalTypeEnum.swift in Sources */,
				26A9C66A2ACBCC5F00117948 /* ProgressBar.swift in Sources */,
				542DD8A02AE59E230024387C /* Game+GetAnimal.swift in Sources */,
				3DB613762AC5C66F00F0A792 /* Macrow_ADHDApp.swift in Sources */,
				5491B13B2AE5C351004986A0 /* CentralManager.swift in Sources */,
				B6B2D9272AF0FF8100C64CAA /* TouchButton.swift in Sources */,
				542DD88E2AE590D60024387C /* Report+GetFocusPause.swift in Sources */,
				B66E747E2ADF7C4300CCA69A /* Color+extension.swift in Sources */,
			);
			runOnlyForDeploymentPostprocessing = 0;
		};
		B60864912AE62AE600424FCA /* Sources */ = {
			isa = PBXSourcesBuildPhase;
			buildActionMask = 2147483647;
			files = (
				B6D1C9B22AE83DB7003B4331 /* HeadpieceIndicator.swift in Sources */,
				B6D1C9AF2AE83DB7003B4331 /* PassThroughBackground.swift in Sources */,
				B6D1C9412AE837A9003B4331 /* ContentView.swift in Sources */,
				B6D1C9BB2AE83DB7003B4331 /* CentralManager.swift in Sources */,
				B6D1C9C22AE83DB7003B4331 /* Game+GetAnimal.swift in Sources */,
				B6D1C95C2AE837A9003B4331 /* Homepage.swift in Sources */,
				B6D1C95A2AE837A9003B4331 /* GameInfo.swift in Sources */,
				B6D1C9CE2AE83E59003B4331 /* MWMDevice.swift in Sources */,
				B6D1C9B02AE83DB7003B4331 /* ProgressBar.swift in Sources */,
				B6D1C9682AE83BCF003B4331 /* GuideView.swift in Sources */,
				B6B2D9212AF0FF4500C64CAA /* Hide&SeekIntroduction.swift in Sources */,
				B6D1C9C52AE83DB7003B4331 /* AnimalTypeEnum.swift in Sources */,
				B6D1C9B82AE83DB7003B4331 /* Color+extension.swift in Sources */,
				B6D1C9C02AE83DB7003B4331 /* ReportModel.xcdatamodeld in Sources */,
				B6D1C9A92AE83DB7003B4331 /* GameData.swift in Sources */,
				B6D1C9C32AE83DB7003B4331 /* Game+CoreDataClass.swift in Sources */,
				B6D1C9B12AE83DB7003B4331 /* NodeElement.swift in Sources */,
				B6D1C9CB2AE83DF1003B4331 /* MWMModel.swift in Sources */,
				B6D1C9B32AE83DB7003B4331 /* HideAndSeekScene.swift in Sources */,
				B6D1C96D2AE83C6D003B4331 /* HomeView.swift in Sources */,
				B6B2D9292AF0FF9B00C64CAA /* BubbleText.swift in Sources */,
				B6D1C95B2AE837A9003B4331 /* GameDescriptionView.swift in Sources */,
				B60864982AE62AE600424FCA /* MacroADHD_simulatorApp.swift in Sources */,
				B6D1C9B42AE83DB7003B4331 /* HideAndSeekBackground.swift in Sources */,
				B6D1C9352AE837A9003B4331 /* HomeItemView.swift in Sources */,
				B6D1C9C82AE83DB7003B4331 /* Report+CoreDataClass.swift in Sources */,
				B6D1C9AD2AE83DB7003B4331 /* AttentionPopup.swift in Sources */,
				B6B2D9252AF0FF7C00C64CAA /* TouchButton.swift in Sources */,
				B6D1C94C2AE837A9003B4331 /* ButtonView.swift in Sources */,
				B6D1C9CC2AE83DF1003B4331 /* MWMInstance.swift in Sources */,
				B6B2D91D2AF0FF1900C64CAA /* SplashScreen.swift in Sources */,
				B6D1C94B2AE837A9003B4331 /* GameView.swift in Sources */,
				B6D1C9AE2AE83DB7003B4331 /* HideAndSeekTutorialView.swift in Sources */,
				B6D1C9C12AE83DB7003B4331 /* DataController.swift in Sources */,
				B6D1C9BA2AE83DB7003B4331 /* Array+average.swift in Sources */,
				B6D1C9C72AE83DB7003B4331 /* Report+CoreDataProperties.swift in Sources */,
				B6D1C9C62AE83DB7003B4331 /* Report+GetFocusPause.swift in Sources */,
				B6D1C9C42AE83DB7003B4331 /* Game+CoreDataProperties.swift in Sources */,
				B6D1C9B52AE83DB7003B4331 /* GuideView.swift in Sources */,
				B6D1C9AB2AE83DB7003B4331 /* HideAndSeekWithHeadpiece.swift in Sources */,
				B6D1C9AC2AE83DB7003B4331 /* GameOverPage.swift in Sources */,
				B6D1C9AA2AE83DB7003B4331 /* NewPage.swift in Sources */,
			);
			runOnlyForDeploymentPostprocessing = 0;
		};
/* End PBXSourcesBuildPhase section */

/* Begin XCBuildConfiguration section */
		3DB6137E2AC5C67100F0A792 /* Debug */ = {
			isa = XCBuildConfiguration;
			buildSettings = {
				ALWAYS_SEARCH_USER_PATHS = NO;
				ASSETCATALOG_COMPILER_GENERATE_SWIFT_ASSET_SYMBOL_EXTENSIONS = YES;
				CLANG_ANALYZER_NONNULL = YES;
				CLANG_ANALYZER_NUMBER_OBJECT_CONVERSION = YES_AGGRESSIVE;
				CLANG_CXX_LANGUAGE_STANDARD = "gnu++20";
				CLANG_ENABLE_MODULES = YES;
				CLANG_ENABLE_OBJC_ARC = YES;
				CLANG_ENABLE_OBJC_WEAK = YES;
				CLANG_WARN_BLOCK_CAPTURE_AUTORELEASING = YES;
				CLANG_WARN_BOOL_CONVERSION = YES;
				CLANG_WARN_COMMA = YES;
				CLANG_WARN_CONSTANT_CONVERSION = YES;
				CLANG_WARN_DEPRECATED_OBJC_IMPLEMENTATIONS = YES;
				CLANG_WARN_DIRECT_OBJC_ISA_USAGE = YES_ERROR;
				CLANG_WARN_DOCUMENTATION_COMMENTS = YES;
				CLANG_WARN_EMPTY_BODY = YES;
				CLANG_WARN_ENUM_CONVERSION = YES;
				CLANG_WARN_INFINITE_RECURSION = YES;
				CLANG_WARN_INT_CONVERSION = YES;
				CLANG_WARN_NON_LITERAL_NULL_CONVERSION = YES;
				CLANG_WARN_OBJC_IMPLICIT_RETAIN_SELF = YES;
				CLANG_WARN_OBJC_LITERAL_CONVERSION = YES;
				CLANG_WARN_OBJC_ROOT_CLASS = YES_ERROR;
				CLANG_WARN_QUOTED_INCLUDE_IN_FRAMEWORK_HEADER = YES;
				CLANG_WARN_RANGE_LOOP_ANALYSIS = YES;
				CLANG_WARN_STRICT_PROTOTYPES = YES;
				CLANG_WARN_SUSPICIOUS_MOVE = YES;
				CLANG_WARN_UNGUARDED_AVAILABILITY = YES_AGGRESSIVE;
				CLANG_WARN_UNREACHABLE_CODE = YES;
				CLANG_WARN__DUPLICATE_METHOD_MATCH = YES;
				COPY_PHASE_STRIP = NO;
				DEBUG_INFORMATION_FORMAT = dwarf;
				ENABLE_STRICT_OBJC_MSGSEND = YES;
				ENABLE_TESTABILITY = YES;
				ENABLE_USER_SCRIPT_SANDBOXING = YES;
				GCC_C_LANGUAGE_STANDARD = gnu17;
				GCC_DYNAMIC_NO_PIC = NO;
				GCC_NO_COMMON_BLOCKS = YES;
				GCC_OPTIMIZATION_LEVEL = 0;
				GCC_PREPROCESSOR_DEFINITIONS = (
					"DEBUG=1",
					"$(inherited)",
				);
				GCC_WARN_64_TO_32_BIT_CONVERSION = YES;
				GCC_WARN_ABOUT_RETURN_TYPE = YES_ERROR;
				GCC_WARN_UNDECLARED_SELECTOR = YES;
				GCC_WARN_UNINITIALIZED_AUTOS = YES_AGGRESSIVE;
				GCC_WARN_UNUSED_FUNCTION = YES;
				GCC_WARN_UNUSED_VARIABLE = YES;
				IPHONEOS_DEPLOYMENT_TARGET = 17.0;
				LOCALIZATION_PREFERS_STRING_CATALOGS = YES;
				MTL_ENABLE_DEBUG_INFO = INCLUDE_SOURCE;
				MTL_FAST_MATH = YES;
				ONLY_ACTIVE_ARCH = YES;
				SDKROOT = iphoneos;
				SWIFT_ACTIVE_COMPILATION_CONDITIONS = "DEBUG $(inherited)";
				SWIFT_OPTIMIZATION_LEVEL = "-Onone";
			};
			name = Debug;
		};
		3DB6137F2AC5C67100F0A792 /* Release */ = {
			isa = XCBuildConfiguration;
			buildSettings = {
				ALWAYS_SEARCH_USER_PATHS = NO;
				ASSETCATALOG_COMPILER_GENERATE_SWIFT_ASSET_SYMBOL_EXTENSIONS = YES;
				CLANG_ANALYZER_NONNULL = YES;
				CLANG_ANALYZER_NUMBER_OBJECT_CONVERSION = YES_AGGRESSIVE;
				CLANG_CXX_LANGUAGE_STANDARD = "gnu++20";
				CLANG_ENABLE_MODULES = YES;
				CLANG_ENABLE_OBJC_ARC = YES;
				CLANG_ENABLE_OBJC_WEAK = YES;
				CLANG_WARN_BLOCK_CAPTURE_AUTORELEASING = YES;
				CLANG_WARN_BOOL_CONVERSION = YES;
				CLANG_WARN_COMMA = YES;
				CLANG_WARN_CONSTANT_CONVERSION = YES;
				CLANG_WARN_DEPRECATED_OBJC_IMPLEMENTATIONS = YES;
				CLANG_WARN_DIRECT_OBJC_ISA_USAGE = YES_ERROR;
				CLANG_WARN_DOCUMENTATION_COMMENTS = YES;
				CLANG_WARN_EMPTY_BODY = YES;
				CLANG_WARN_ENUM_CONVERSION = YES;
				CLANG_WARN_INFINITE_RECURSION = YES;
				CLANG_WARN_INT_CONVERSION = YES;
				CLANG_WARN_NON_LITERAL_NULL_CONVERSION = YES;
				CLANG_WARN_OBJC_IMPLICIT_RETAIN_SELF = YES;
				CLANG_WARN_OBJC_LITERAL_CONVERSION = YES;
				CLANG_WARN_OBJC_ROOT_CLASS = YES_ERROR;
				CLANG_WARN_QUOTED_INCLUDE_IN_FRAMEWORK_HEADER = YES;
				CLANG_WARN_RANGE_LOOP_ANALYSIS = YES;
				CLANG_WARN_STRICT_PROTOTYPES = YES;
				CLANG_WARN_SUSPICIOUS_MOVE = YES;
				CLANG_WARN_UNGUARDED_AVAILABILITY = YES_AGGRESSIVE;
				CLANG_WARN_UNREACHABLE_CODE = YES;
				CLANG_WARN__DUPLICATE_METHOD_MATCH = YES;
				COPY_PHASE_STRIP = NO;
				DEBUG_INFORMATION_FORMAT = "dwarf-with-dsym";
				ENABLE_NS_ASSERTIONS = NO;
				ENABLE_STRICT_OBJC_MSGSEND = YES;
				ENABLE_USER_SCRIPT_SANDBOXING = YES;
				GCC_C_LANGUAGE_STANDARD = gnu17;
				GCC_NO_COMMON_BLOCKS = YES;
				GCC_WARN_64_TO_32_BIT_CONVERSION = YES;
				GCC_WARN_ABOUT_RETURN_TYPE = YES_ERROR;
				GCC_WARN_UNDECLARED_SELECTOR = YES;
				GCC_WARN_UNINITIALIZED_AUTOS = YES_AGGRESSIVE;
				GCC_WARN_UNUSED_FUNCTION = YES;
				GCC_WARN_UNUSED_VARIABLE = YES;
				IPHONEOS_DEPLOYMENT_TARGET = 17.0;
				LOCALIZATION_PREFERS_STRING_CATALOGS = YES;
				MTL_ENABLE_DEBUG_INFO = NO;
				MTL_FAST_MATH = YES;
				SDKROOT = iphoneos;
				SWIFT_COMPILATION_MODE = wholemodule;
				VALIDATE_PRODUCT = YES;
			};
			name = Release;
		};
		3DB613812AC5C67100F0A792 /* Debug */ = {
			isa = XCBuildConfiguration;
			buildSettings = {
				ASSETCATALOG_COMPILER_APPICON_NAME = AppIcon;
				ASSETCATALOG_COMPILER_GLOBAL_ACCENT_COLOR_NAME = AccentColor;
				CODE_SIGN_STYLE = Automatic;
				CURRENT_PROJECT_VERSION = 1;
				DEVELOPMENT_ASSET_PATHS = "Macrow-ADHD/Preview\\ Content";
				DEVELOPMENT_TEAM = U43A7X58YW;
				ENABLE_PREVIEWS = YES;
				"EXCLUDED_ARCHS[sdk=iphonesimulator*]" = arm64;
				GENERATE_INFOPLIST_FILE = YES;
				INFOPLIST_FILE = "Macrow-ADHD/Info.plist";
				INFOPLIST_KEY_CFBundleDisplayName = Nectar;
				INFOPLIST_KEY_LSApplicationCategoryType = "public.app-category.games";
				INFOPLIST_KEY_NSBluetoothAlwaysUsageDescription = "We need to access bluetooth in order connecting to Neurosky headpiece";
				INFOPLIST_KEY_UIApplicationSceneManifest_Generation = YES;
				INFOPLIST_KEY_UIApplicationSupportsIndirectInputEvents = NO;
				INFOPLIST_KEY_UILaunchScreen_Generation = YES;
				INFOPLIST_KEY_UIRequiresFullScreen = YES;
				INFOPLIST_KEY_UISupportedInterfaceOrientations = "UIInterfaceOrientationLandscapeLeft UIInterfaceOrientationLandscapeRight UIInterfaceOrientationPortrait";
				INFOPLIST_KEY_UISupportedInterfaceOrientations_iPad = "UIInterfaceOrientationLandscapeLeft UIInterfaceOrientationLandscapeRight";
				IPHONEOS_DEPLOYMENT_TARGET = 16.4;
				LD_RUNPATH_SEARCH_PATHS = (
					"$(inherited)",
					"@executable_path/Frameworks",
				);
				LIBRARY_SEARCH_PATHS = (
					"$(inherited)",
					"$(PROJECT_DIR)/Macrow-ADHD/Utilities/lib",
				);
				MARKETING_VERSION = 1.0;
				PRODUCT_BUNDLE_IDENTIFIER = "ADAGOP.Macrow-ADHD-";
				PRODUCT_NAME = "$(TARGET_NAME)";
				SUPPORTED_PLATFORMS = "iphoneos iphonesimulator";
				SUPPORTS_MACCATALYST = NO;
				SUPPORTS_MAC_DESIGNED_FOR_IPHONE_IPAD = NO;
				SWIFT_EMIT_LOC_STRINGS = YES;
				SWIFT_OBJC_BRIDGING_HEADER = "Macrow-ADHD/Bridging-Header.h";
				SWIFT_PRECOMPILE_BRIDGING_HEADER = YES;
				SWIFT_VERSION = 5.0;
				TARGETED_DEVICE_FAMILY = 2;
			};
			name = Debug;
		};
		3DB613822AC5C67100F0A792 /* Release */ = {
			isa = XCBuildConfiguration;
			buildSettings = {
				ASSETCATALOG_COMPILER_APPICON_NAME = AppIcon;
				ASSETCATALOG_COMPILER_GLOBAL_ACCENT_COLOR_NAME = AccentColor;
				CODE_SIGN_STYLE = Automatic;
				CURRENT_PROJECT_VERSION = 1;
				DEVELOPMENT_ASSET_PATHS = "Macrow-ADHD/Preview\\ Content";
				DEVELOPMENT_TEAM = U43A7X58YW;
				ENABLE_PREVIEWS = YES;
				GENERATE_INFOPLIST_FILE = YES;
				INFOPLIST_FILE = "Macrow-ADHD/Info.plist";
				INFOPLIST_KEY_CFBundleDisplayName = Nectar;
				INFOPLIST_KEY_LSApplicationCategoryType = "public.app-category.games";
				INFOPLIST_KEY_NSBluetoothAlwaysUsageDescription = "We need to access bluetooth in order connecting to Neurosky headpiece";
				INFOPLIST_KEY_UIApplicationSceneManifest_Generation = YES;
				INFOPLIST_KEY_UIApplicationSupportsIndirectInputEvents = NO;
				INFOPLIST_KEY_UILaunchScreen_Generation = YES;
				INFOPLIST_KEY_UIRequiresFullScreen = YES;
				INFOPLIST_KEY_UISupportedInterfaceOrientations = "UIInterfaceOrientationLandscapeLeft UIInterfaceOrientationLandscapeRight UIInterfaceOrientationPortrait";
				INFOPLIST_KEY_UISupportedInterfaceOrientations_iPad = "UIInterfaceOrientationLandscapeLeft UIInterfaceOrientationLandscapeRight";
				IPHONEOS_DEPLOYMENT_TARGET = 16.4;
				LD_RUNPATH_SEARCH_PATHS = (
					"$(inherited)",
					"@executable_path/Frameworks",
				);
				LIBRARY_SEARCH_PATHS = (
					"$(inherited)",
					"$(PROJECT_DIR)/Macrow-ADHD/Utilities/lib",
				);
				MARKETING_VERSION = 1.0;
				PRODUCT_BUNDLE_IDENTIFIER = "ADAGOP.Macrow-ADHD-";
				PRODUCT_NAME = "$(TARGET_NAME)";
				SUPPORTED_PLATFORMS = "iphoneos iphonesimulator";
				SUPPORTS_MACCATALYST = NO;
				SUPPORTS_MAC_DESIGNED_FOR_IPHONE_IPAD = NO;
				SWIFT_EMIT_LOC_STRINGS = YES;
				SWIFT_OBJC_BRIDGING_HEADER = "Macrow-ADHD/Bridging-Header.h";
				SWIFT_PRECOMPILE_BRIDGING_HEADER = YES;
				SWIFT_VERSION = 5.0;
				TARGETED_DEVICE_FAMILY = 2;
			};
			name = Release;
		};
		B60864A02AE62AE700424FCA /* Debug */ = {
			isa = XCBuildConfiguration;
			buildSettings = {
				ASSETCATALOG_COMPILER_APPICON_NAME = AppIcon;
				ASSETCATALOG_COMPILER_GLOBAL_ACCENT_COLOR_NAME = AccentColor;
				CODE_SIGN_STYLE = Automatic;
				CURRENT_PROJECT_VERSION = 1;
				DEVELOPMENT_ASSET_PATHS = "\"Macrow-ADHD/Preview Content\"";
				DEVELOPMENT_TEAM = U43A7X58YW;
				ENABLE_PREVIEWS = YES;
				GENERATE_INFOPLIST_FILE = YES;
				INFOPLIST_FILE = "Macrow-ADHD/Info.plist";
				INFOPLIST_KEY_UIApplicationSceneManifest_Generation = YES;
				INFOPLIST_KEY_UIApplicationSupportsIndirectInputEvents = YES;
				INFOPLIST_KEY_UILaunchScreen_Generation = YES;
				INFOPLIST_KEY_UIRequiresFullScreen = YES;
				INFOPLIST_KEY_UISupportedInterfaceOrientations = "UIInterfaceOrientationLandscapeLeft UIInterfaceOrientationLandscapeRight UIInterfaceOrientationPortrait";
				INFOPLIST_KEY_UISupportedInterfaceOrientations_iPad = "UIInterfaceOrientationLandscapeLeft UIInterfaceOrientationLandscapeRight";
				IPHONEOS_DEPLOYMENT_TARGET = 16.4;
				LD_RUNPATH_SEARCH_PATHS = (
					"$(inherited)",
					"@executable_path/Frameworks",
				);
				LIBRARY_SEARCH_PATHS = (
					"$(inherited)",
					"$(PROJECT_DIR)/Macrow-ADHD/Utilities/lib",
				);
				MARKETING_VERSION = 1.0;
				PRODUCT_BUNDLE_IDENTIFIER = "adagop.MacroADHD-simulator";
				PRODUCT_NAME = "$(TARGET_NAME)";
				SUPPORTED_PLATFORMS = "iphoneos iphonesimulator";
				SUPPORTS_MACCATALYST = NO;
				SWIFT_EMIT_LOC_STRINGS = YES;
				SWIFT_OBJC_BRIDGING_HEADER = "";
				SWIFT_VERSION = 5.0;
				TARGETED_DEVICE_FAMILY = 2;
			};
			name = Debug;
		};
		B60864A12AE62AE700424FCA /* Release */ = {
			isa = XCBuildConfiguration;
			buildSettings = {
				ASSETCATALOG_COMPILER_APPICON_NAME = AppIcon;
				ASSETCATALOG_COMPILER_GLOBAL_ACCENT_COLOR_NAME = AccentColor;
				CODE_SIGN_STYLE = Automatic;
				CURRENT_PROJECT_VERSION = 1;
				DEVELOPMENT_ASSET_PATHS = "\"Macrow-ADHD/Preview Content\"";
				DEVELOPMENT_TEAM = U43A7X58YW;
				ENABLE_PREVIEWS = YES;
				GENERATE_INFOPLIST_FILE = YES;
				INFOPLIST_FILE = "Macrow-ADHD/Info.plist";
				INFOPLIST_KEY_UIApplicationSceneManifest_Generation = YES;
				INFOPLIST_KEY_UIApplicationSupportsIndirectInputEvents = YES;
				INFOPLIST_KEY_UILaunchScreen_Generation = YES;
				INFOPLIST_KEY_UIRequiresFullScreen = YES;
				INFOPLIST_KEY_UISupportedInterfaceOrientations = "UIInterfaceOrientationLandscapeLeft UIInterfaceOrientationLandscapeRight UIInterfaceOrientationPortrait";
				INFOPLIST_KEY_UISupportedInterfaceOrientations_iPad = "UIInterfaceOrientationLandscapeLeft UIInterfaceOrientationLandscapeRight";
				IPHONEOS_DEPLOYMENT_TARGET = 16.4;
				LD_RUNPATH_SEARCH_PATHS = (
					"$(inherited)",
					"@executable_path/Frameworks",
				);
				LIBRARY_SEARCH_PATHS = (
					"$(inherited)",
					"$(PROJECT_DIR)/Macrow-ADHD/Utilities/lib",
				);
				MARKETING_VERSION = 1.0;
				PRODUCT_BUNDLE_IDENTIFIER = "adagop.MacroADHD-simulator";
				PRODUCT_NAME = "$(TARGET_NAME)";
				SUPPORTED_PLATFORMS = "iphoneos iphonesimulator";
				SUPPORTS_MACCATALYST = NO;
				SWIFT_EMIT_LOC_STRINGS = YES;
				SWIFT_OBJC_BRIDGING_HEADER = "";
				SWIFT_VERSION = 5.0;
				TARGETED_DEVICE_FAMILY = 2;
			};
			name = Release;
		};
/* End XCBuildConfiguration section */

/* Begin XCConfigurationList section */
		3DB6136D2AC5C66F00F0A792 /* Build configuration list for PBXProject "Macrow-ADHD" */ = {
			isa = XCConfigurationList;
			buildConfigurations = (
				3DB6137E2AC5C67100F0A792 /* Debug */,
				3DB6137F2AC5C67100F0A792 /* Release */,
			);
			defaultConfigurationIsVisible = 0;
			defaultConfigurationName = Release;
		};
		3DB613802AC5C67100F0A792 /* Build configuration list for PBXNativeTarget "Macrow-ADHD" */ = {
			isa = XCConfigurationList;
			buildConfigurations = (
				3DB613812AC5C67100F0A792 /* Debug */,
				3DB613822AC5C67100F0A792 /* Release */,
			);
			defaultConfigurationIsVisible = 0;
			defaultConfigurationName = Release;
		};
		B60864A22AE62AE700424FCA /* Build configuration list for PBXNativeTarget "MacroADHD-simulator" */ = {
			isa = XCConfigurationList;
			buildConfigurations = (
				B60864A02AE62AE700424FCA /* Debug */,
				B60864A12AE62AE700424FCA /* Release */,
			);
			defaultConfigurationIsVisible = 0;
			defaultConfigurationName = Release;
		};
/* End XCConfigurationList section */

/* Begin XCVersionGroup section */
		B64EFB602AE22B5A002190EA /* ReportModel.xcdatamodeld */ = {
			isa = XCVersionGroup;
			children = (
				B64EFB612AE22B5A002190EA /* ReportModel.xcdatamodel */,
			);
			currentVersion = B64EFB612AE22B5A002190EA /* ReportModel.xcdatamodel */;
			path = ReportModel.xcdatamodeld;
			sourceTree = "<group>";
			versionGroupType = wrapper.xcdatamodel;
		};
		B6D1C99C2AE83DB7003B4331 /* ReportModel.xcdatamodeld */ = {
			isa = XCVersionGroup;
			children = (
				B6D1C99D2AE83DB7003B4331 /* ReportModel.xcdatamodel */,
			);
			currentVersion = B6D1C99D2AE83DB7003B4331 /* ReportModel.xcdatamodel */;
			path = ReportModel.xcdatamodeld;
			sourceTree = "<group>";
			versionGroupType = wrapper.xcdatamodel;
		};
/* End XCVersionGroup section */
	};
	rootObject = 3DB6136A2AC5C66F00F0A792 /* Project object */;
}
